// !$*UTF8*$!
{
	archiveVersion = 1;
	classes = {
	};
	objectVersion = 56;
	objects = {

/* Begin PBXBuildFile section */
		11B623ADEAE678311533CA39 /* AppDelegate.swift in Sources */ = {isa = PBXBuildFile; fileRef = D905AE1B74F81C7B9CC88DDB /* AppDelegate.swift */; };
		15696C20239B0D676635D950 /* Accessibility.swift in Sources */ = {isa = PBXBuildFile; fileRef = AF276AA28711DCF861547217 /* Accessibility.swift */; };
		1749C2FAA7005210F674C802 /* AXObserverExtension.swift in Sources */ = {isa = PBXBuildFile; fileRef = 733F49FB613A287554636584 /* AXObserverExtension.swift */; };
		1B3FA1A2C21EFA40601506F8 /* AppDelegate.swift in Sources */ = {isa = PBXBuildFile; fileRef = 3CCB9F041E502F8C5F7F75F8 /* AppDelegate.swift */; };
		1C67AB1251D5CB967B71AB44 /* FirebaseCrashlytics in Frameworks */ = {isa = PBXBuildFile; productRef = 88C833C6D4668D53768F0B30 /* FirebaseCrashlytics */; };
		1FA4FD048C4FB75FF9D10DD1 /* SettingsView.swift in Sources */ = {isa = PBXBuildFile; fileRef = 29C0D71530DF45C00D8FFCA5 /* SettingsView.swift */; };
		233977FE1C73C22964E8825C /* WakaTime Helper.app in Resources */ = {isa = PBXBuildFile; fileRef = 8DD7C430659CFAA6AF00DD97 /* WakaTime Helper.app */; settings = {ATTRIBUTES = (RemoveHeadersOnCopy, ); }; };
		27BD75629C131FA2ABE5C041 /* WKTextField.swift in Sources */ = {isa = PBXBuildFile; fileRef = A65BB769BFF172C2B0F10139 /* WKTextField.swift */; };
		35B15416AAA4A163269ECB50 /* Dependencies.swift in Sources */ = {isa = PBXBuildFile; fileRef = 00DDD8AB61CDCB75A7786DEC /* Dependencies.swift */; };
		579FE60991CCC6991D1EDD6F /* GoogleService-Info.plist in Resources */ = {isa = PBXBuildFile; fileRef = 80F697D7D47222DBF27B6B60 /* GoogleService-Info.plist */; };
		5896F7E44C78365FBC821433 /* AXUIElementExtension.swift in Sources */ = {isa = PBXBuildFile; fileRef = 255FF2BDFBB46A59298BC2A6 /* AXUIElementExtension.swift */; };
		591F0076347162929B0FD844 /* ObjC.m in Sources */ = {isa = PBXBuildFile; fileRef = B480D3DE5DA79EF51AFCCC6A /* ObjC.m */; };
		5E0E51706E3206DC76C9F52F /* Assets.xcassets in Resources */ = {isa = PBXBuildFile; fileRef = 6A8C87E79BCB482F902B56FC /* Assets.xcassets */; };
		625980B7939AA7B83658DDBC /* PropertiesManager.swift in Sources */ = {isa = PBXBuildFile; fileRef = 92B0E9DAC193C7C2A8A68719 /* PropertiesManager.swift */; };
		70311CFA3ECDE8F0A0E59B9E /* MonitoredAppsWindowController.swift in Sources */ = {isa = PBXBuildFile; fileRef = 3323D8DD05D9091EBC611CB3 /* MonitoredAppsWindowController.swift */; };
		71FFAF0E0235038AA8E54CC0 /* OptionalExtension.swift in Sources */ = {isa = PBXBuildFile; fileRef = 6845B309EF7AB19C0691A1A1 /* OptionalExtension.swift */; };
		7F0EC651FF33ACE43C04111C /* ProcessExtension.swift in Sources */ = {isa = PBXBuildFile; fileRef = 24ABFA69E2D1F7599B4B9CED /* ProcessExtension.swift */; };
		83D90BE210A3DD27F89E2376 /* WakaTime.swift in Sources */ = {isa = PBXBuildFile; fileRef = DC456466DD42FBDEA314D02C /* WakaTime.swift */; };
		8B40B464587190D3065B6191 /* Atomic.swift in Sources */ = {isa = PBXBuildFile; fileRef = EF8A5EB22D1F5BAA0083A10A /* Atomic.swift */; };
		8E6ED11F1869EC152261F633 /* AppUpdater in Frameworks */ = {isa = PBXBuildFile; productRef = C366745A1AF908E50E6B8DC4 /* AppUpdater */; };
		A779063488D127C4845AE088 /* FileSavedWatcher.swift in Sources */ = {isa = PBXBuildFile; fileRef = 768E9EB4696A662A19CC1075 /* FileSavedWatcher.swift */; };
		B436CA5B59EBEC2FBD26FC0D /* main.swift in Sources */ = {isa = PBXBuildFile; fileRef = 70986C72D77E926AE490B463 /* main.swift */; };
		BDFD0DA756FD81A52A38A1D9 /* MonitoringManager.swift in Sources */ = {isa = PBXBuildFile; fileRef = C6A26D6C4CCD7DFB65B89F19 /* MonitoringManager.swift */; };
		C0DB0B05BB24EC9E0DD7BA45 /* Watcher.swift in Sources */ = {isa = PBXBuildFile; fileRef = 4494130F1F2776A9C350BFE7 /* Watcher.swift */; };
		C67B8B844277F60F41BFE1D5 /* MonitoredAppsView.swift in Sources */ = {isa = PBXBuildFile; fileRef = 6951713A0B868DC745ACBAF1 /* MonitoredAppsView.swift */; };
		C8132237B85A4AB6DBEA1B45 /* NSRunningApplicationExtension.swift in Sources */ = {isa = PBXBuildFile; fileRef = 3AD55BCCB47AEE5459E30091 /* NSRunningApplicationExtension.swift */; };
		D520D8AFF9C39953BE9BFFC6 /* SettingsWindowController.swift in Sources */ = {isa = PBXBuildFile; fileRef = E575C1098AD06BEBDA6D72FA /* SettingsWindowController.swift */; };
		DC06FCBCE6845D4A4EA7B144 /* SettingsManager.swift in Sources */ = {isa = PBXBuildFile; fileRef = 9A570456827EB52D80FA861D /* SettingsManager.swift */; };
		DC744190EED68312ADDDF534 /* main.swift in Sources */ = {isa = PBXBuildFile; fileRef = 339AF1522C85998880DCC066 /* main.swift */; };
		EF08257572047E8305D47A88 /* AppInfo.swift in Sources */ = {isa = PBXBuildFile; fileRef = F4108F2EAEB17CD1DB40B3AE /* AppInfo.swift */; };
		FCC9920D4D03C377CF30A28E /* BundleExtension.swift in Sources */ = {isa = PBXBuildFile; fileRef = E98134744F968C56505A72F6 /* BundleExtension.swift */; };
		FF1291B388F571A03C0167EE /* ConfigFile.swift in Sources */ = {isa = PBXBuildFile; fileRef = 6D5E3108AB01864EF7B398CB /* ConfigFile.swift */; };
/* End PBXBuildFile section */

/* Begin PBXContainerItemProxy section */
		ED91B8FEEC89C77AAA16B04A /* PBXContainerItemProxy */ = {
			isa = PBXContainerItemProxy;
			containerPortal = 07B7BBE7E55FBB0B7A81C40F /* Project object */;
			proxyType = 1;
			remoteGlobalIDString = A7FF0D9440348B23A0634B32;
			remoteInfo = "WakaTime Helper";
		};
/* End PBXContainerItemProxy section */

/* Begin PBXFileReference section */
		00DDD8AB61CDCB75A7786DEC /* Dependencies.swift */ = {isa = PBXFileReference; lastKnownFileType = sourcecode.swift; path = Dependencies.swift; sourceTree = "<group>"; };
		0F0D5B664998935B3298C193 /* WakaTime-Bridging-Header.h */ = {isa = PBXFileReference; lastKnownFileType = sourcecode.c.h; path = "WakaTime-Bridging-Header.h"; sourceTree = "<group>"; };
		1491924509D266C29C5DE99F /* PerspectTVA.app */ = {isa = PBXFileReference; explicitFileType = wrapper.application; includeInIndex = 0; path = PerspectTVA.app; sourceTree = BUILT_PRODUCTS_DIR; };
		17A9E1783A36354738984EC7 /* ObjC.h */ = {isa = PBXFileReference; lastKnownFileType = sourcecode.c.h; path = ObjC.h; sourceTree = "<group>"; };
		1E8A0EBBBA09464B9E6C73D1 /* Perspect_TVA Helper-Info.plist */ = {isa = PBXFileReference; lastKnownFileType = text.plist; path = "Perspect_TVA Helper-Info.plist"; sourceTree = "<group>"; };
		24ABFA69E2D1F7599B4B9CED /* ProcessExtension.swift */ = {isa = PBXFileReference; lastKnownFileType = sourcecode.swift; path = ProcessExtension.swift; sourceTree = "<group>"; };
		255FF2BDFBB46A59298BC2A6 /* AXUIElementExtension.swift */ = {isa = PBXFileReference; lastKnownFileType = sourcecode.swift; path = AXUIElementExtension.swift; sourceTree = "<group>"; };
		29C0D71530DF45C00D8FFCA5 /* SettingsView.swift */ = {isa = PBXFileReference; lastKnownFileType = sourcecode.swift; path = SettingsView.swift; sourceTree = "<group>"; };
		2D50D8873CB20FB282FDDE40 /* WakaTime-Info.plist */ = {isa = PBXFileReference; lastKnownFileType = text.plist; path = "WakaTime-Info.plist"; sourceTree = "<group>"; };
		3323D8DD05D9091EBC611CB3 /* MonitoredAppsWindowController.swift */ = {isa = PBXFileReference; lastKnownFileType = sourcecode.swift; path = MonitoredAppsWindowController.swift; sourceTree = "<group>"; };
		339AF1522C85998880DCC066 /* main.swift */ = {isa = PBXFileReference; lastKnownFileType = sourcecode.swift; path = main.swift; sourceTree = "<group>"; };
		3AD55BCCB47AEE5459E30091 /* NSRunningApplicationExtension.swift */ = {isa = PBXFileReference; lastKnownFileType = sourcecode.swift; path = NSRunningApplicationExtension.swift; sourceTree = "<group>"; };
		3CCB9F041E502F8C5F7F75F8 /* AppDelegate.swift */ = {isa = PBXFileReference; lastKnownFileType = sourcecode.swift; path = AppDelegate.swift; sourceTree = "<group>"; };
		4494130F1F2776A9C350BFE7 /* Watcher.swift */ = {isa = PBXFileReference; lastKnownFileType = sourcecode.swift; path = Watcher.swift; sourceTree = "<group>"; };
		6845B309EF7AB19C0691A1A1 /* OptionalExtension.swift */ = {isa = PBXFileReference; lastKnownFileType = sourcecode.swift; path = OptionalExtension.swift; sourceTree = "<group>"; };
		6951713A0B868DC745ACBAF1 /* MonitoredAppsView.swift */ = {isa = PBXFileReference; lastKnownFileType = sourcecode.swift; path = MonitoredAppsView.swift; sourceTree = "<group>"; };
		6A8C87E79BCB482F902B56FC /* Assets.xcassets */ = {isa = PBXFileReference; lastKnownFileType = folder.assetcatalog; path = Assets.xcassets; sourceTree = "<group>"; };
		6D5E3108AB01864EF7B398CB /* ConfigFile.swift */ = {isa = PBXFileReference; lastKnownFileType = sourcecode.swift; path = ConfigFile.swift; sourceTree = "<group>"; };
		70986C72D77E926AE490B463 /* main.swift */ = {isa = PBXFileReference; lastKnownFileType = sourcecode.swift; path = main.swift; sourceTree = "<group>"; };
		733F49FB613A287554636584 /* AXObserverExtension.swift */ = {isa = PBXFileReference; lastKnownFileType = sourcecode.swift; path = AXObserverExtension.swift; sourceTree = "<group>"; };
		73B856C919AFF378DBF404DA /* WakaTime.entitlements */ = {isa = PBXFileReference; lastKnownFileType = text.plist.entitlements; path = WakaTime.entitlements; sourceTree = "<group>"; };
		768E9EB4696A662A19CC1075 /* FileSavedWatcher.swift */ = {isa = PBXFileReference; lastKnownFileType = sourcecode.swift; path = FileSavedWatcher.swift; sourceTree = "<group>"; };
		80F697D7D47222DBF27B6B60 /* GoogleService-Info.plist */ = {isa = PBXFileReference; lastKnownFileType = text.plist; path = "GoogleService-Info.plist"; sourceTree = "<group>"; };
		8DD7C430659CFAA6AF00DD97 /* WakaTime Helper.app */ = {isa = PBXFileReference; explicitFileType = wrapper.application; includeInIndex = 0; path = "WakaTime Helper.app"; sourceTree = BUILT_PRODUCTS_DIR; };
		92B0E9DAC193C7C2A8A68719 /* PropertiesManager.swift */ = {isa = PBXFileReference; lastKnownFileType = sourcecode.swift; path = PropertiesManager.swift; sourceTree = "<group>"; };
		9A570456827EB52D80FA861D /* SettingsManager.swift */ = {isa = PBXFileReference; lastKnownFileType = sourcecode.swift; path = SettingsManager.swift; sourceTree = "<group>"; };
		A65BB769BFF172C2B0F10139 /* WKTextField.swift */ = {isa = PBXFileReference; lastKnownFileType = sourcecode.swift; path = WKTextField.swift; sourceTree = "<group>"; };
		AF276AA28711DCF861547217 /* Accessibility.swift */ = {isa = PBXFileReference; lastKnownFileType = sourcecode.swift; path = Accessibility.swift; sourceTree = "<group>"; };
		B480D3DE5DA79EF51AFCCC6A /* ObjC.m */ = {isa = PBXFileReference; lastKnownFileType = sourcecode.c.objc; path = ObjC.m; sourceTree = "<group>"; };
		C6A26D6C4CCD7DFB65B89F19 /* MonitoringManager.swift */ = {isa = PBXFileReference; lastKnownFileType = sourcecode.swift; path = MonitoringManager.swift; sourceTree = "<group>"; };
		D905AE1B74F81C7B9CC88DDB /* AppDelegate.swift */ = {isa = PBXFileReference; lastKnownFileType = sourcecode.swift; path = AppDelegate.swift; sourceTree = "<group>"; };
		DC456466DD42FBDEA314D02C /* WakaTime.swift */ = {isa = PBXFileReference; lastKnownFileType = sourcecode.swift; path = WakaTime.swift; sourceTree = "<group>"; };
		E575C1098AD06BEBDA6D72FA /* SettingsWindowController.swift */ = {isa = PBXFileReference; lastKnownFileType = sourcecode.swift; path = SettingsWindowController.swift; sourceTree = "<group>"; };
		E98134744F968C56505A72F6 /* BundleExtension.swift */ = {isa = PBXFileReference; lastKnownFileType = sourcecode.swift; path = BundleExtension.swift; sourceTree = "<group>"; };
		EF8A5EB22D1F5BAA0083A10A /* Atomic.swift */ = {isa = PBXFileReference; lastKnownFileType = sourcecode.swift; path = Atomic.swift; sourceTree = "<group>"; };
		F4108F2EAEB17CD1DB40B3AE /* AppInfo.swift */ = {isa = PBXFileReference; lastKnownFileType = sourcecode.swift; path = AppInfo.swift; sourceTree = "<group>"; };
/* End PBXFileReference section */

/* Begin PBXFrameworksBuildPhase section */
		A0B4E239B60EED841128E4E1 /* Frameworks */ = {
			isa = PBXFrameworksBuildPhase;
			buildActionMask = 2147483647;
			files = (
				8E6ED11F1869EC152261F633 /* AppUpdater in Frameworks */,
				1C67AB1251D5CB967B71AB44 /* FirebaseCrashlytics in Frameworks */,
			);
			runOnlyForDeploymentPostprocessing = 0;
		};
/* End PBXFrameworksBuildPhase section */

/* Begin PBXGroup section */
		2B857A5A77073798EF68553D = {
			isa = PBXGroup;
			children = (
				5BA534E2DE6CC725A9FD3BFC /* WakaTime */,
				901C69DCDE6F754D6B3CC6DF /* WakaTime Helper */,
				66C0C4BFBE1B7D6C625EA95E /* Products */,
			);
			sourceTree = "<group>";
		};
		4D901CDF9F6F96281CFB5F89 /* Controls */ = {
			isa = PBXGroup;
			children = (
				A65BB769BFF172C2B0F10139 /* WKTextField.swift */,
			);
			path = Controls;
			sourceTree = "<group>";
		};
		52B5A9DD370812BB2B266418 /* Views */ = {
			isa = PBXGroup;
			children = (
				6951713A0B868DC745ACBAF1 /* MonitoredAppsView.swift */,
				29C0D71530DF45C00D8FFCA5 /* SettingsView.swift */,
			);
			path = Views;
			sourceTree = "<group>";
		};
		5BA534E2DE6CC725A9FD3BFC /* WakaTime */ = {
			isa = PBXGroup;
			children = (
				D905AE1B74F81C7B9CC88DDB /* AppDelegate.swift */,
				6D5E3108AB01864EF7B398CB /* ConfigFile.swift */,
				768E9EB4696A662A19CC1075 /* FileSavedWatcher.swift */,
				70986C72D77E926AE490B463 /* main.swift */,
				0F0D5B664998935B3298C193 /* WakaTime-Bridging-Header.h */,
				2D50D8873CB20FB282FDDE40 /* WakaTime-Info.plist */,
				73B856C919AFF378DBF404DA /* WakaTime.entitlements */,
				DC456466DD42FBDEA314D02C /* WakaTime.swift */,
				4494130F1F2776A9C350BFE7 /* Watcher.swift */,
				4D901CDF9F6F96281CFB5F89 /* Controls */,
				65DD8BA087ED7B5CBE752575 /* Extensions */,
				90EC31716209B1AC4929DCBD /* Helpers */,
				5EA7C9A33A18ED5017A9B946 /* Resources */,
				B1F8D5FF6A9B0C7C941112DA /* Utils */,
				52B5A9DD370812BB2B266418 /* Views */,
				CCA02C7156DAE1F9F2A21F70 /* WindowControllers */,
			);
			path = WakaTime;
			sourceTree = "<group>";
		};
		5EA7C9A33A18ED5017A9B946 /* Resources */ = {
			isa = PBXGroup;
			children = (
				6A8C87E79BCB482F902B56FC /* Assets.xcassets */,
				80F697D7D47222DBF27B6B60 /* GoogleService-Info.plist */,
			);
			path = Resources;
			sourceTree = "<group>";
		};
		65DD8BA087ED7B5CBE752575 /* Extensions */ = {
			isa = PBXGroup;
			children = (
				733F49FB613A287554636584 /* AXObserverExtension.swift */,
				255FF2BDFBB46A59298BC2A6 /* AXUIElementExtension.swift */,
				E98134744F968C56505A72F6 /* BundleExtension.swift */,
				3AD55BCCB47AEE5459E30091 /* NSRunningApplicationExtension.swift */,
				6845B309EF7AB19C0691A1A1 /* OptionalExtension.swift */,
				24ABFA69E2D1F7599B4B9CED /* ProcessExtension.swift */,
			);
			path = Extensions;
			sourceTree = "<group>";
		};
		66C0C4BFBE1B7D6C625EA95E /* Products */ = {
			isa = PBXGroup;
			children = (
				1491924509D266C29C5DE99F /* PerspectTVA.app */,
				8DD7C430659CFAA6AF00DD97 /* WakaTime Helper.app */,
			);
			name = Products;
			sourceTree = "<group>";
		};
		901C69DCDE6F754D6B3CC6DF /* WakaTime Helper */ = {
			isa = PBXGroup;
			children = (
				3CCB9F041E502F8C5F7F75F8 /* AppDelegate.swift */,
				339AF1522C85998880DCC066 /* main.swift */,
				1E8A0EBBBA09464B9E6C73D1 /* Perspect_TVA Helper-Info.plist */,
			);
			path = "WakaTime Helper";
			sourceTree = "<group>";
		};
		90EC31716209B1AC4929DCBD /* Helpers */ = {
			isa = PBXGroup;
			children = (
				AF276AA28711DCF861547217 /* Accessibility.swift */,
				F4108F2EAEB17CD1DB40B3AE /* AppInfo.swift */,
				00DDD8AB61CDCB75A7786DEC /* Dependencies.swift */,
				C6A26D6C4CCD7DFB65B89F19 /* MonitoringManager.swift */,
				92B0E9DAC193C7C2A8A68719 /* PropertiesManager.swift */,
				9A570456827EB52D80FA861D /* SettingsManager.swift */,
			);
			path = Helpers;
			sourceTree = "<group>";
		};
		B1F8D5FF6A9B0C7C941112DA /* Utils */ = {
			isa = PBXGroup;
			children = (
				EF8A5EB22D1F5BAA0083A10A /* Atomic.swift */,
				17A9E1783A36354738984EC7 /* ObjC.h */,
				B480D3DE5DA79EF51AFCCC6A /* ObjC.m */,
			);
			path = Utils;
			sourceTree = "<group>";
		};
		CCA02C7156DAE1F9F2A21F70 /* WindowControllers */ = {
			isa = PBXGroup;
			children = (
				3323D8DD05D9091EBC611CB3 /* MonitoredAppsWindowController.swift */,
				E575C1098AD06BEBDA6D72FA /* SettingsWindowController.swift */,
			);
			path = WindowControllers;
			sourceTree = "<group>";
		};
/* End PBXGroup section */

/* Begin PBXNativeTarget section */
		A7FF0D9440348B23A0634B32 /* WakaTime Helper */ = {
			isa = PBXNativeTarget;
			buildConfigurationList = EB915739DA65B31CE1E28612 /* Build configuration list for PBXNativeTarget "WakaTime Helper" */;
			buildPhases = (
				650874DC9BEDE040E51D0649 /* Sources */,
				D981C7A00EB0B7BD1877C6C5 /* Swiftlint */,
			);
			buildRules = (
			);
			dependencies = (
			);
			name = "WakaTime Helper";
			productName = "WakaTime Helper";
			productReference = 8DD7C430659CFAA6AF00DD97 /* WakaTime Helper.app */;
			productType = "com.apple.product-type.application";
		};
		FCDEAFBB0A01559BA21109BA /* PerspectTVA */ = {
			isa = PBXNativeTarget;
			buildConfigurationList = 2638D0987C8B9AE4B1DB5FF0 /* Build configuration list for PBXNativeTarget "PerspectTVA" */;
			buildPhases = (
				0D04E4120278FC33B3A53A3B /* Sources */,
				A8DA750929FFC082F5B61BB1 /* Swiftlint */,
				E4E9AE2CA0C74D0C729232B1 /* Resources */,
				A0B4E239B60EED841128E4E1 /* Frameworks */,
				48BAA83FBBAFB773AA9A58DF /* Move "WakaTime Helper.app" to LoginItems */,
				7D0117DCF650889E5CC1FD3F /* Firebase */,
			);
			buildRules = (
			);
			dependencies = (
				14338AFEF1E3712DF440A157 /* PBXTargetDependency */,
			);
			name = PerspectTVA;
			packageProductDependencies = (
				C366745A1AF908E50E6B8DC4 /* AppUpdater */,
				88C833C6D4668D53768F0B30 /* FirebaseCrashlytics */,
			);
			productName = PerspectTVA;
			productReference = 1491924509D266C29C5DE99F /* PerspectTVA.app */;
			productType = "com.apple.product-type.application";
		};
/* End PBXNativeTarget section */

/* Begin PBXProject section */
		07B7BBE7E55FBB0B7A81C40F /* Project object */ = {
			isa = PBXProject;
			attributes = {
				BuildIndependentTargetsInParallel = YES;
				LastUpgradeCheck = 1430;
				TargetAttributes = {
					A7FF0D9440348B23A0634B32 = {
						DevelopmentTeam = "${SV_DEVELOPMENT_TEAM}";
						ProvisioningStyle = Automatic;
					};
					FCDEAFBB0A01559BA21109BA = {
						ProvisioningStyle = Automatic;
					};
				};
			};
			buildConfigurationList = 946C54DD9CC5B0D178D68347 /* Build configuration list for PBXProject "PerspectTVA" */;
			compatibilityVersion = "Xcode 14.0";
			developmentRegion = en;
			hasScannedForEncodings = 0;
			knownRegions = (
				Base,
				en,
			);
			mainGroup = 2B857A5A77073798EF68553D;
			packageReferences = (
				167E3E9C9EC175AE45BC4AC7 /* XCRemoteSwiftPackageReference "AppUpdater" */,
				B05F89D1306C299FA257B798 /* XCRemoteSwiftPackageReference "firebase-ios-sdk" */,
			);
			projectDirPath = "";
			projectRoot = "";
			targets = (
				FCDEAFBB0A01559BA21109BA /* PerspectTVA */,
				A7FF0D9440348B23A0634B32 /* WakaTime Helper */,
			);
		};
/* End PBXProject section */

/* Begin PBXResourcesBuildPhase section */
		E4E9AE2CA0C74D0C729232B1 /* Resources */ = {
			isa = PBXResourcesBuildPhase;
			buildActionMask = 2147483647;
			files = (
				5E0E51706E3206DC76C9F52F /* Assets.xcassets in Resources */,
				579FE60991CCC6991D1EDD6F /* GoogleService-Info.plist in Resources */,
				233977FE1C73C22964E8825C /* WakaTime Helper.app in Resources */,
			);
			runOnlyForDeploymentPostprocessing = 0;
		};
/* End PBXResourcesBuildPhase section */

/* Begin PBXShellScriptBuildPhase section */
		48BAA83FBBAFB773AA9A58DF /* Move "WakaTime Helper.app" to LoginItems */ = {
			isa = PBXShellScriptBuildPhase;
			buildActionMask = 2147483647;
			files = (
			);
			inputFileListPaths = (
			);
			inputPaths = (
			);
			name = "Move \"WakaTime Helper.app\" to LoginItems";
			outputFileListPaths = (
			);
			outputPaths = (
			);
			runOnlyForDeploymentPostprocessing = 0;
			shellPath = /bin/sh;
			shellScript = "LOGIN_ITEMS_DIR=\"$BUILT_PRODUCTS_DIR/$PRODUCT_NAME.app/Contents/Library/LoginItems\"\nrm -rf \"$LOGIN_ITEMS_DIR\"\nmkdir -p \"$LOGIN_ITEMS_DIR\"\nmv \"$BUILT_PRODUCTS_DIR/$PRODUCT_NAME.app/Contents/Resources/WakaTime Helper.app\" \"$LOGIN_ITEMS_DIR/\"\n";
		};
		7D0117DCF650889E5CC1FD3F /* Firebase */ = {
			isa = PBXShellScriptBuildPhase;
			buildActionMask = 2147483647;
			files = (
			);
			inputFileListPaths = (
			);
			inputPaths = (
				"${DWARF_DSYM_FOLDER_PATH}/${DWARF_DSYM_FILE_NAME}/Contents/Resources/DWARF/${TARGET_NAME}",
				"$(SRCROOT)/$(BUILT_PRODUCTS_DIR)/$(INFOPLIST_PATH)",
			);
			name = Firebase;
			outputFileListPaths = (
			);
			outputPaths = (
			);
			runOnlyForDeploymentPostprocessing = 0;
			shellPath = /bin/sh;
			shellScript = "Scripts/Firebase/upload-dSYM.sh";
		};
		A8DA750929FFC082F5B61BB1 /* Swiftlint */ = {
			isa = PBXShellScriptBuildPhase;
			buildActionMask = 2147483647;
			files = (
			);
			inputFileListPaths = (
			);
			inputPaths = (
			);
			name = Swiftlint;
			outputFileListPaths = (
			);
			outputPaths = (
			);
			runOnlyForDeploymentPostprocessing = 0;
			shellPath = /bin/sh;
			shellScript = "./Scripts/Lint/swiftlint lint --quiet";
		};
		D981C7A00EB0B7BD1877C6C5 /* Swiftlint */ = {
			isa = PBXShellScriptBuildPhase;
			buildActionMask = 2147483647;
			files = (
			);
			inputFileListPaths = (
			);
			inputPaths = (
			);
			name = Swiftlint;
			outputFileListPaths = (
			);
			outputPaths = (
			);
			runOnlyForDeploymentPostprocessing = 0;
			shellPath = /bin/sh;
			shellScript = "./Scripts/Lint/swiftlint lint --quiet";
		};
/* End PBXShellScriptBuildPhase section */

/* Begin PBXSourcesBuildPhase section */
		0D04E4120278FC33B3A53A3B /* Sources */ = {
			isa = PBXSourcesBuildPhase;
			buildActionMask = 2147483647;
			files = (
				1749C2FAA7005210F674C802 /* AXObserverExtension.swift in Sources */,
				5896F7E44C78365FBC821433 /* AXUIElementExtension.swift in Sources */,
				15696C20239B0D676635D950 /* Accessibility.swift in Sources */,
				11B623ADEAE678311533CA39 /* AppDelegate.swift in Sources */,
				EF08257572047E8305D47A88 /* AppInfo.swift in Sources */,
				8B40B464587190D3065B6191 /* Atomic.swift in Sources */,
				FCC9920D4D03C377CF30A28E /* BundleExtension.swift in Sources */,
				FF1291B388F571A03C0167EE /* ConfigFile.swift in Sources */,
				35B15416AAA4A163269ECB50 /* Dependencies.swift in Sources */,
				A779063488D127C4845AE088 /* FileSavedWatcher.swift in Sources */,
				C67B8B844277F60F41BFE1D5 /* MonitoredAppsView.swift in Sources */,
				70311CFA3ECDE8F0A0E59B9E /* MonitoredAppsWindowController.swift in Sources */,
				BDFD0DA756FD81A52A38A1D9 /* MonitoringManager.swift in Sources */,
				C8132237B85A4AB6DBEA1B45 /* NSRunningApplicationExtension.swift in Sources */,
				591F0076347162929B0FD844 /* ObjC.m in Sources */,
				71FFAF0E0235038AA8E54CC0 /* OptionalExtension.swift in Sources */,
				7F0EC651FF33ACE43C04111C /* ProcessExtension.swift in Sources */,
				625980B7939AA7B83658DDBC /* PropertiesManager.swift in Sources */,
				DC06FCBCE6845D4A4EA7B144 /* SettingsManager.swift in Sources */,
				1FA4FD048C4FB75FF9D10DD1 /* SettingsView.swift in Sources */,
				D520D8AFF9C39953BE9BFFC6 /* SettingsWindowController.swift in Sources */,
				27BD75629C131FA2ABE5C041 /* WKTextField.swift in Sources */,
				83D90BE210A3DD27F89E2376 /* WakaTime.swift in Sources */,
				C0DB0B05BB24EC9E0DD7BA45 /* Watcher.swift in Sources */,
				B436CA5B59EBEC2FBD26FC0D /* main.swift in Sources */,
			);
			runOnlyForDeploymentPostprocessing = 0;
		};
		650874DC9BEDE040E51D0649 /* Sources */ = {
			isa = PBXSourcesBuildPhase;
			buildActionMask = 2147483647;
			files = (
				1B3FA1A2C21EFA40601506F8 /* AppDelegate.swift in Sources */,
				DC744190EED68312ADDDF534 /* main.swift in Sources */,
			);
			runOnlyForDeploymentPostprocessing = 0;
		};
/* End PBXSourcesBuildPhase section */

/* Begin PBXTargetDependency section */
		14338AFEF1E3712DF440A157 /* PBXTargetDependency */ = {
			isa = PBXTargetDependency;
			target = A7FF0D9440348B23A0634B32 /* WakaTime Helper */;
			targetProxy = ED91B8FEEC89C77AAA16B04A /* PBXContainerItemProxy */;
		};
/* End PBXTargetDependency section */

/* Begin XCBuildConfiguration section */
		14F1CDBC2F6B8134E4975CF9 /* Release */ = {
			isa = XCBuildConfiguration;
			buildSettings = {
				ASSETCATALOG_COMPILER_APPICON_NAME = AppIcon;
				CODE_SIGN_STYLE = Automatic;
				COMBINE_HIDPI_IMAGES = YES;
				CURRENT_PROJECT_VERSION = "local-build";
				DEAD_CODE_STRIPPING = YES;
				DEVELOPMENT_TEAM = "${SV_DEVELOPMENT_TEAM}";
				ENABLE_HARDENED_RUNTIME = YES;
				GENERATE_INFOPLIST_FILE = YES;
				INFOPLIST_FILE = "WakaTime Helper/Perspect_TVA Helper-Info.plist";
				LD_RUNPATH_SEARCH_PATHS = (
					"$(inherited)",
					"@executable_path/../Frameworks",
				);
				MACOSX_DEPLOYMENT_TARGET = 10.15;
				MARKETING_VERSION = "local-build";
				PRODUCT_BUNDLE_IDENTIFIER = "macos-tva.WakaTimeHelper";
				SDKROOT = macosx;
				SKIP_INSTALL = YES;
			};
			name = Release;
		};
		1E3E7E53C1EFF114F8B798F1 /* Release */ = {
			isa = XCBuildConfiguration;
			buildSettings = {
				ASSETCATALOG_COMPILER_APPICON_NAME = AppIcon;
				"CODE_SIGN_IDENTITY[sdk=macosx*]" = "Apple Development";
				CODE_SIGN_STYLE = Automatic;
				COMBINE_HIDPI_IMAGES = YES;
				CURRENT_PROJECT_VERSION = "local-build";
				DEAD_CODE_STRIPPING = YES;
				DEVELOPMENT_TEAM = G8U42VSJXA;
				ENABLE_HARDENED_RUNTIME = YES;
				GENERATE_INFOPLIST_FILE = YES;
				INFOPLIST_FILE = "WakaTime/WakaTime-Info.plist";
				INFOPLIST_KEY_LSBackgroundOnly = YES;
				LD_RUNPATH_SEARCH_PATHS = (
					"$(inherited)",
					"@executable_path/../Frameworks",
				);
				MACOSX_DEPLOYMENT_TARGET = 10.15;
				MARKETING_VERSION = "local-build";
				PRODUCT_BUNDLE_IDENTIFIER = "macos-tva.PerspectTVA";
				SDKROOT = macosx;
				SWIFT_OBJC_BRIDGING_HEADER = "WakaTime/WakaTime-Bridging-Header.h";
			};
			name = Release;
		};
		42387D2EF7287388AC8C1D8F /* Debug */ = {
			isa = XCBuildConfiguration;
			buildSettings = {
				ASSETCATALOG_COMPILER_APPICON_NAME = AppIcon;
				CODE_SIGN_STYLE = Automatic;
				COMBINE_HIDPI_IMAGES = YES;
				CURRENT_PROJECT_VERSION = "local-build";
				DEAD_CODE_STRIPPING = YES;
				DEVELOPMENT_TEAM = "${SV_DEVELOPMENT_TEAM}";
				ENABLE_HARDENED_RUNTIME = YES;
				GENERATE_INFOPLIST_FILE = YES;
				INFOPLIST_FILE = "WakaTime Helper/Perspect_TVA Helper-Info.plist";
				LD_RUNPATH_SEARCH_PATHS = (
					"$(inherited)",
					"@executable_path/../Frameworks",
				);
				MACOSX_DEPLOYMENT_TARGET = 10.15;
				MARKETING_VERSION = "local-build";
				PRODUCT_BUNDLE_IDENTIFIER = "macos-tva.WakaTimeHelper";
				SDKROOT = macosx;
				SKIP_INSTALL = YES;
			};
			name = Debug;
		};
		91218BAC36568575B0F8B6CC /* Release */ = {
			isa = XCBuildConfiguration;
			buildSettings = {
				ALWAYS_SEARCH_USER_PATHS = NO;
				CLANG_ANALYZER_NONNULL = YES;
				CLANG_ANALYZER_NUMBER_OBJECT_CONVERSION = YES_AGGRESSIVE;
				CLANG_CXX_LANGUAGE_STANDARD = "gnu++14";
				CLANG_CXX_LIBRARY = "libc++";
				CLANG_ENABLE_MODULES = YES;
				CLANG_ENABLE_OBJC_ARC = YES;
				CLANG_ENABLE_OBJC_WEAK = YES;
				CLANG_WARN_BLOCK_CAPTURE_AUTORELEASING = YES;
				CLANG_WARN_BOOL_CONVERSION = YES;
				CLANG_WARN_COMMA = YES;
				CLANG_WARN_CONSTANT_CONVERSION = YES;
				CLANG_WARN_DEPRECATED_OBJC_IMPLEMENTATIONS = YES;
				CLANG_WARN_DIRECT_OBJC_ISA_USAGE = YES_ERROR;
				CLANG_WARN_DOCUMENTATION_COMMENTS = YES;
				CLANG_WARN_EMPTY_BODY = YES;
				CLANG_WARN_ENUM_CONVERSION = YES;
				CLANG_WARN_INFINITE_RECURSION = YES;
				CLANG_WARN_INT_CONVERSION = YES;
				CLANG_WARN_NON_LITERAL_NULL_CONVERSION = YES;
				CLANG_WARN_OBJC_IMPLICIT_RETAIN_SELF = YES;
				CLANG_WARN_OBJC_LITERAL_CONVERSION = YES;
				CLANG_WARN_OBJC_ROOT_CLASS = YES_ERROR;
				CLANG_WARN_QUOTED_INCLUDE_IN_FRAMEWORK_HEADER = YES;
				CLANG_WARN_RANGE_LOOP_ANALYSIS = YES;
				CLANG_WARN_STRICT_PROTOTYPES = YES;
				CLANG_WARN_SUSPICIOUS_MOVE = YES;
				CLANG_WARN_UNGUARDED_AVAILABILITY = YES_AGGRESSIVE;
				CLANG_WARN_UNREACHABLE_CODE = YES;
				CLANG_WARN__DUPLICATE_METHOD_MATCH = YES;
				COPY_PHASE_STRIP = NO;
				DEBUG_INFORMATION_FORMAT = "dwarf-with-dsym";
				ENABLE_NS_ASSERTIONS = NO;
				ENABLE_STRICT_OBJC_MSGSEND = YES;
				GCC_C_LANGUAGE_STANDARD = gnu11;
				GCC_NO_COMMON_BLOCKS = YES;
				GCC_WARN_64_TO_32_BIT_CONVERSION = YES;
				GCC_WARN_ABOUT_RETURN_TYPE = YES_ERROR;
				GCC_WARN_UNDECLARED_SELECTOR = YES;
				GCC_WARN_UNINITIALIZED_AUTOS = YES_AGGRESSIVE;
				GCC_WARN_UNUSED_FUNCTION = YES;
				GCC_WARN_UNUSED_VARIABLE = YES;
				MTL_ENABLE_DEBUG_INFO = NO;
				MTL_FAST_MATH = YES;
				PRODUCT_NAME = "$(TARGET_NAME)";
				SDKROOT = macosx;
				SWIFT_COMPILATION_MODE = wholemodule;
				SWIFT_OPTIMIZATION_LEVEL = "-O";
				SWIFT_VERSION = 5.0;
			};
			name = Release;
		};
		C89CBB210524D1B3DFCC4816 /* Debug */ = {
			isa = XCBuildConfiguration;
			buildSettings = {
				ALWAYS_SEARCH_USER_PATHS = NO;
				CLANG_ANALYZER_NONNULL = YES;
				CLANG_ANALYZER_NUMBER_OBJECT_CONVERSION = YES_AGGRESSIVE;
				CLANG_CXX_LANGUAGE_STANDARD = "gnu++14";
				CLANG_CXX_LIBRARY = "libc++";
				CLANG_ENABLE_MODULES = YES;
				CLANG_ENABLE_OBJC_ARC = YES;
				CLANG_ENABLE_OBJC_WEAK = YES;
				CLANG_WARN_BLOCK_CAPTURE_AUTORELEASING = YES;
				CLANG_WARN_BOOL_CONVERSION = YES;
				CLANG_WARN_COMMA = YES;
				CLANG_WARN_CONSTANT_CONVERSION = YES;
				CLANG_WARN_DEPRECATED_OBJC_IMPLEMENTATIONS = YES;
				CLANG_WARN_DIRECT_OBJC_ISA_USAGE = YES_ERROR;
				CLANG_WARN_DOCUMENTATION_COMMENTS = YES;
				CLANG_WARN_EMPTY_BODY = YES;
				CLANG_WARN_ENUM_CONVERSION = YES;
				CLANG_WARN_INFINITE_RECURSION = YES;
				CLANG_WARN_INT_CONVERSION = YES;
				CLANG_WARN_NON_LITERAL_NULL_CONVERSION = YES;
				CLANG_WARN_OBJC_IMPLICIT_RETAIN_SELF = YES;
				CLANG_WARN_OBJC_LITERAL_CONVERSION = YES;
				CLANG_WARN_OBJC_ROOT_CLASS = YES_ERROR;
				CLANG_WARN_QUOTED_INCLUDE_IN_FRAMEWORK_HEADER = YES;
				CLANG_WARN_RANGE_LOOP_ANALYSIS = YES;
				CLANG_WARN_STRICT_PROTOTYPES = YES;
				CLANG_WARN_SUSPICIOUS_MOVE = YES;
				CLANG_WARN_UNGUARDED_AVAILABILITY = YES_AGGRESSIVE;
				CLANG_WARN_UNREACHABLE_CODE = YES;
				CLANG_WARN__DUPLICATE_METHOD_MATCH = YES;
				COPY_PHASE_STRIP = NO;
				DEBUG_INFORMATION_FORMAT = dwarf;
				ENABLE_STRICT_OBJC_MSGSEND = YES;
				ENABLE_TESTABILITY = YES;
				GCC_C_LANGUAGE_STANDARD = gnu11;
				GCC_DYNAMIC_NO_PIC = NO;
				GCC_NO_COMMON_BLOCKS = YES;
				GCC_OPTIMIZATION_LEVEL = 0;
				GCC_PREPROCESSOR_DEFINITIONS = (
					"$(inherited)",
					"DEBUG=1",
				);
				GCC_WARN_64_TO_32_BIT_CONVERSION = YES;
				GCC_WARN_ABOUT_RETURN_TYPE = YES_ERROR;
				GCC_WARN_UNDECLARED_SELECTOR = YES;
				GCC_WARN_UNINITIALIZED_AUTOS = YES_AGGRESSIVE;
				GCC_WARN_UNUSED_FUNCTION = YES;
				GCC_WARN_UNUSED_VARIABLE = YES;
				MTL_ENABLE_DEBUG_INFO = INCLUDE_SOURCE;
				MTL_FAST_MATH = YES;
				ONLY_ACTIVE_ARCH = YES;
				PRODUCT_NAME = "$(TARGET_NAME)";
				SDKROOT = macosx;
				SWIFT_ACTIVE_COMPILATION_CONDITIONS = DEBUG;
				SWIFT_OPTIMIZATION_LEVEL = "-Onone";
				SWIFT_VERSION = 5.0;
			};
			name = Debug;
		};
		FCAC8DBB8A11459F1BF6D23E /* Debug */ = {
			isa = XCBuildConfiguration;
			buildSettings = {
				ASSETCATALOG_COMPILER_APPICON_NAME = AppIcon;
				"CODE_SIGN_IDENTITY[sdk=macosx*]" = "Apple Development";
				CODE_SIGN_STYLE = Automatic;
				COMBINE_HIDPI_IMAGES = YES;
				CURRENT_PROJECT_VERSION = "local-build";
				DEAD_CODE_STRIPPING = YES;
				DEVELOPMENT_TEAM = G8U42VSJXA;
				ENABLE_HARDENED_RUNTIME = YES;
				GENERATE_INFOPLIST_FILE = YES;
				INFOPLIST_FILE = "WakaTime/WakaTime-Info.plist";
				INFOPLIST_KEY_LSBackgroundOnly = YES;
				LD_RUNPATH_SEARCH_PATHS = (
					"$(inherited)",
					"@executable_path/../Frameworks",
				);
				MACOSX_DEPLOYMENT_TARGET = 10.15;
				MARKETING_VERSION = "local-build";
				PRODUCT_BUNDLE_IDENTIFIER = "macos-tva.PerspectTVA";
				SDKROOT = macosx;
				SWIFT_OBJC_BRIDGING_HEADER = "WakaTime/WakaTime-Bridging-Header.h";
			};
			name = Debug;
		};
/* End XCBuildConfiguration section */

/* Begin XCConfigurationList section */
		2638D0987C8B9AE4B1DB5FF0 /* Build configuration list for PBXNativeTarget "PerspectTVA" */ = {
			isa = XCConfigurationList;
			buildConfigurations = (
				FCAC8DBB8A11459F1BF6D23E /* Debug */,
				1E3E7E53C1EFF114F8B798F1 /* Release */,
			);
			defaultConfigurationIsVisible = 0;
			defaultConfigurationName = Debug;
		};
		946C54DD9CC5B0D178D68347 /* Build configuration list for PBXProject "PerspectTVA" */ = {
			isa = XCConfigurationList;
			buildConfigurations = (
				C89CBB210524D1B3DFCC4816 /* Debug */,
				91218BAC36568575B0F8B6CC /* Release */,
			);
			defaultConfigurationIsVisible = 0;
			defaultConfigurationName = Debug;
		};
		EB915739DA65B31CE1E28612 /* Build configuration list for PBXNativeTarget "WakaTime Helper" */ = {
			isa = XCConfigurationList;
			buildConfigurations = (
				42387D2EF7287388AC8C1D8F /* Debug */,
				14F1CDBC2F6B8134E4975CF9 /* Release */,
			);
			defaultConfigurationIsVisible = 0;
			defaultConfigurationName = Debug;
		};
/* End XCConfigurationList section */

/* Begin XCRemoteSwiftPackageReference section */
		167E3E9C9EC175AE45BC4AC7 /* XCRemoteSwiftPackageReference "AppUpdater" */ = {
			isa = XCRemoteSwiftPackageReference;
			repositoryURL = "https://github.com/alanhamlett/AppUpdater";
			requirement = {
				branch = master;
				kind = branch;
			};
		};
		B05F89D1306C299FA257B798 /* XCRemoteSwiftPackageReference "firebase-ios-sdk" */ = {
			isa = XCRemoteSwiftPackageReference;
			repositoryURL = "https://github.com/firebase/firebase-ios-sdk";
			requirement = {
				kind = upToNextMajorVersion;
				minimumVersion = 10.0.0;
			};
		};
/* End XCRemoteSwiftPackageReference section */

/* Begin XCSwiftPackageProductDependency section */
		88C833C6D4668D53768F0B30 /* FirebaseCrashlytics */ = {
			isa = XCSwiftPackageProductDependency;
			package = B05F89D1306C299FA257B798 /* XCRemoteSwiftPackageReference "firebase-ios-sdk" */;
			productName = FirebaseCrashlytics;
		};
		C366745A1AF908E50E6B8DC4 /* AppUpdater */ = {
			isa = XCSwiftPackageProductDependency;
			package = 167E3E9C9EC175AE45BC4AC7 /* XCRemoteSwiftPackageReference "AppUpdater" */;
			productName = AppUpdater;
		};
/* End XCSwiftPackageProductDependency section */
	};
	rootObject = 07B7BBE7E55FBB0B7A81C40F /* Project object */;
}
